
Microsoft Visual Studio Solution File, Format Version 12.00
# Visual Studio 14
VisualStudioVersion = 14.0.25420.1
MinimumVisualStudioVersion = 10.0.40219.1
Project("{8BC9CEB8-8B4A-11D0-8D11-00A0C91BC942}") = "七MFC_practise1", "七MFC_practise1\七MFC_practise1.vcxproj", "{E0A1CD39-2000-4528-AC36-29B8D6F619E6}"
EndProject
Global
	GlobalSection(SolutionConfigurationPlatforms) = preSolution
		Debug|x64 = Debug|x64
		Debug|x86 = Debug|x86
		Release|x64 = Release|x64
		Release|x86 = Release|x86
	EndGlobalSection
	GlobalSection(ProjectConfigurationPlatforms) = postSolution
		{E0A1CD39-2000-4528-AC36-29B8D6F619E6}.Debug|x64.ActiveCfg = Debug|x64
		{E0A1CD39-2000-4528-AC36-29B8D6F619E6}.Debug|x64.Build.0 = Debug|x64
		{E0A1CD39-2000-4528-AC36-29B8D6F619E6}.Debug|x86.ActiveCfg = Debug|Win32
		{E0A1CD39-2000-4528-AC36-29B8D6F619E6}.Debug|x86.Build.0 = Debug|Win32
		{E0A1CD39-2000-4528-AC36-29B8D6F619E6}.Release|x64.ActiveCfg = Release|x64
		{E0A1CD39-2000-4528-AC36-29B8D6F619E6}.Release|x64.Build.0 = Release|x64
		{E0A1CD39-2000-4528-AC36-29B8D6F619E6}.Release|x86.ActiveCfg = Release|Win32
		{E0A1CD39-2000-4528-AC36-29B8D6F619E6}.Release|x86.Build.0 = Release|Win32
	EndGlobalSection
	GlobalSection(SolutionProperties) = preSolution
		HideSolutionNode = FALSE
	EndGlobalSection
EndGlobal
